
Microsoft Visual Studio Solution File, Format Version 12.00
# Visual Studio Version 17
VisualStudioVersion = 17.0.31903.59
MinimumVisualStudioVersion = 10.0.40219.1
Project("{FAE04EC0-301F-11D3-BF4B-00C04F79EFBC}") = "MiniApp9_Console", "MiniApp9_Console\MiniApp9_Console.csproj", "{C93D54E3-20A6-4BC9-8CA7-9D44F6FC4032}"
EndProject
Project("{FAE04EC0-301F-11D3-BF4B-00C04F79EFBC}") = "MiniApp9_Repository", "MiniApp9_Repository\MiniApp9_Repository.csproj", "{7E2725E5-0151-4491-B1D8-73B809EB618B}"
EndProject
Global
	GlobalSection(SolutionConfigurationPlatforms) = preSolution
		Debug|Any CPU = Debug|Any CPU
		Release|Any CPU = Release|Any CPU
	EndGlobalSection
	GlobalSection(SolutionProperties) = preSolution
		HideSolutionNode = FALSE
	EndGlobalSection
	GlobalSection(ProjectConfigurationPlatforms) = postSolution
		{C93D54E3-20A6-4BC9-8CA7-9D44F6FC4032}.Debug|Any CPU.ActiveCfg = Debug|Any CPU
		{C93D54E3-20A6-4BC9-8CA7-9D44F6FC4032}.Debug|Any CPU.Build.0 = Debug|Any CPU
		{C93D54E3-20A6-4BC9-8CA7-9D44F6FC4032}.Release|Any CPU.ActiveCfg = Release|Any CPU
		{C93D54E3-20A6-4BC9-8CA7-9D44F6FC4032}.Release|Any CPU.Build.0 = Release|Any CPU
		{7E2725E5-0151-4491-B1D8-73B809EB618B}.Debug|Any CPU.ActiveCfg = Debug|Any CPU
		{7E2725E5-0151-4491-B1D8-73B809EB618B}.Debug|Any CPU.Build.0 = Debug|Any CPU
		{7E2725E5-0151-4491-B1D8-73B809EB618B}.Release|Any CPU.ActiveCfg = Release|Any CPU
		{7E2725E5-0151-4491-B1D8-73B809EB618B}.Release|Any CPU.Build.0 = Release|Any CPU
	EndGlobalSection
EndGlobal
